version = 1
revision = 3
requires-python = "==3.13.15"

[[package]]
name = "attrs"
version = "26.1.0"
source = { registry = "https://pypi.org/simple" }
sdist = { url = "https://files.pythonhosted.org/packages/9a/8e/82a0fe20a541c03148528be8cac2408564a6c9a0cc7e9171802bc1d26985/attrs-26.1.0.tar.gz", hash = "sha256:d03ceb89cb322a8fd706d4fb91940737b6642aa36998fe130a9bc96c985eff32", size = 952055, upload-time = "2026-03-19T14:22:25.026Z" }
wheels = [
    { url = "https://files.pythonhosted.org/packages/64/b4/17d4b0b2a2dc85a6df63d1157e028ed19f90d4cd97c36717afef2bc2f395/attrs-26.1.0-py3-none-any.whl", hash = "sha256:c647aa4a12dfbad9333ca4e71fe62ddc36f4e63b2d260a37a8b83d2f043ac309", size = 67548, upload-time = "2026-03-19T14:22:23.645Z" },
]

[[package]]
name = "colorama"
version = "0.4.6"
source = { registry = "https://pypi.org/simple" }
sdist = { url = "https://files.pythonhosted.org/packages/d8/53/6f443c9a4a8358a93a6792e2acffb9d9d5cb0a5cfd8802644b7b1c9a02e4/colorama-0.4.6.tar.gz", hash = "sha256:08695f5cb7ed6e0531a20572697297273c47b8cae5a63ffc6d6ed5c201be6e44", size = 27697, upload-time = "2022-10-25T02:36:22.414Z" }
wheels = [
    { url = "https://files.pythonhosted.org/packages/d1/d6/3965ed04c63042e047cb6a3e6ed1a63a35087b6a609aa3a15ed8ac56c221/colorama-0.4.6-py2.py3-none-any.whl", hash = "sha256:4f1d9991f5acc0ca119f9d443620b77f9d6b33703e51011c16baf57afb285fc6", size = 25335, upload-time = "2022-10-25T02:36:20.889Z" },
]

[[package]]
name = "iniconfig"
version = "2.3.0"
source = { registry = "https://pypi.org/simple" }
sdist = { url = "https://files.pythonhosted.org/packages/72/34/14ca021ce8e5dfedc35312d08ba8bf51fdd999c576889fc2c24cb97f4f10/iniconfig-2.3.0.tar.gz", hash = "sha256:c76315c77db068650d49c5b56314774a7804df16fee4402c1f19d6d15d8c4730", size = 20503, upload-time = "2025-10-18T21:55:43.219Z" }
wheels = [
    { url = "https://files.pythonhosted.org/packages/cb/b1/3846dd7f199d53cb17f49cba7e651e9ce294d8497c8c150530ed11865bb8/iniconfig-2.3.0-py3-none-any.whl", hash = "sha256:f631c04d2c48c52b84d0d0549c99ff3859c98df65b3101406327ecc7d53fbf12", size = 7484, upload-time = "2025-10-18T21:55:41.639Z" },
]

[[package]]
name = "inkflip"
version = "0.0.0"
source = { virtual = "." }
dependencies = [
    { name = "jsonschema" },
    { name = "pillow" },
    { name = "pypdf" },
    { name = "pypdfium2" },
]

[package.dev-dependencies]
dev = [
    { name = "pytest" },
]

[package.metadata]
requires-dist = [
    { name = "jsonschema", specifier = "==4.26.0" },
    { name = "pillow", specifier = "==12.3.0" },
    { name = "pypdf", specifier = "==6.18.0" },
    { name = "pypdfium2", specifier = "==5.8.0" },
]

[package.metadata.requires-dev]
dev = [{ name = "pytest", specifier = "==9.1.1" }]

[[package]]
name = "jsonschema"
version = "4.26.0"
source = { registry = "https://pypi.org/simple" }
dependencies = [
    { name = "attrs" },
    { name = "jsonschema-specifications" },
    { name = "referencing" },
    { name = "rpds-py" },
]
sdist = { url = "https://files.pythonhosted.org/packages/b3/fc/e067678238fa451312d4c62bf6e6cf5ec56375422aee02f9cb5f909b3047/jsonschema-4.26.0.tar.gz", hash = "sha256:0c26707e2efad8aa1bfc5b7ce170f3fccc2e4918ff85989ba9ffa9facb2be326", size = 366583, upload-time = "2026-01-07T13:41:07.246Z" }
wheels = [
    { url = "https://files.pythonhosted.org/packages/69/90/f63fb5873511e014207a475e2bb4e8b2e570d655b00ac19a9a0ca0a385ee/jsonschema-4.26.0-py3-none-any.whl", hash = "sha256:d489f15263b8d200f8387e64b4c3a75f06629559fb73deb8fdfb525f2dab50ce", size = 90630, upload-time = "2026-01-07T13:41:05.306Z" },
]

[[package]]
name = "jsonschema-specifications"
version = "2025.9.1"
source = { registry = "https://pypi.org/simple" }
dependencies = [
    { name = "referencing" },
]
sdist = { url = "https://files.pythonhosted.org/packages/19/74/a633ee74eb36c44aa6d1095e7cc5569bebf04342ee146178e2d36600708b/jsonschema_specifications-2025.9.1.tar.gz", hash = "sha256:b540987f239e745613c7a9176f3edb72b832a4ac465cf02712288397832b5e8d", size = 32855, upload-time = "2025-09-08T01:34:59.186Z" }
wheels = [
    { url = "https://files.pythonhosted.org/packages/41/45/1a4ed80516f02155c51f51e8cedb3c1902296743db0bbc66608a0db2814f/jsonschema_specifications-2025.9.1-py3-none-any.whl", hash = "sha256:98802fee3a11ee76ecaca44429fda8a41bff98b00a0f2838151b113f210cc6fe", size = 18437, upload-time = "2025-09-08T01:34:57.871Z" },
]

[[package]]
name = "packaging"
version = "26.3"
source = { registry = "https://pypi.org/simple" }
sdist = { url = "https://files.pythonhosted.org/packages/7d/fa/3944b40b07da9ce895c0e6303a5ab7d53da063554f534556b134a54d6093/packaging-26.3.tar.gz", hash = "sha256:94edc256424af38762eb31306eed28beb9f0efc50a8837492c9d6fd6004aed79", size = 313412, upload-time = "2026-08-04T18:15:28.737Z" }
wheels = [
    { url = "https://files.pythonhosted.org/packages/63/34/ba1c580383c9eada3711951fef0795c80b829a078d72188184bcab9dd527/packaging-26.3-py3-none-any.whl", hash = "sha256:d7193f7c8e4e93f444fde0262bf90af30e16fa0ad0ad44cb553c87339b23cd1c", size = 129956, upload-time = "2026-08-04T18:15:27.159Z" },
]

[[package]]
name = "pillow"
version = "12.3.0"
source = { registry = "https://pypi.org/simple" }
sdist = { url = "https://files.pythonhosted.org/packages/1c/3d/bb7fca845737cf9d7dbde16ed1843984665ff2e0a518f5db43e77ec540b9/pillow-12.3.0.tar.gz", hash = "sha256:3b8182a766685eaa002637e28b4ec8d6b18819a0c71f579bf0dbaa5830297cce", size = 47025035, upload-time = "2026-07-01T11:56:38.965Z" }
wheels = [
    { url = "https://files.pythonhosted.org/packages/9d/ac/31fb64e1e7efb5a4b50cd3d92049ba89ac6e4d8d3bb6a74e15048ca3353e/pillow-12.3.0-cp313-cp313-ios_13_0_arm64_iphoneos.whl", hash = "sha256:21900ce7ba264168cd50defae43cd75d25c833ad4ad6e73ffc5596d12e25ac89", size = 4161684, upload-time = "2026-07-01T11:54:25.934Z" },
    { url = "https://files.pythonhosted.org/packages/87/b4/9805e23d2b4d77842b468513841fda254ee42f0289d25088340e4ff46e2d/pillow-12.3.0-cp313-cp313-ios_13_0_arm64_iphonesimulator.whl", hash = "sha256:4e8c2a84d977f50b9daed6eeaf3baef67d00d5d74d932288f02cb94518ee3ace", size = 4255487, upload-time = "2026-07-01T11:54:27.935Z" },
    { url = "https://files.pythonhosted.org/packages/df/39/ecf519435a200c693fe053a6ee4d835b41cf963a4dfc2551c4e637cb2a71/pillow-12.3.0-cp313-cp313-ios_13_0_x86_64_iphonesimulator.whl", hash = "sha256:ae26d61dfa7a47befdc7572b521024e8745f3d809bd95ca9505a7bba9ef849ec", size = 3696433, upload-time = "2026-07-01T11:54:29.813Z" },
    { url = "https://files.pythonhosted.org/packages/42/92/2fc3ffad878ae8dd5469ec1bc8eb83b71f48e13efdf68f02709003982a32/pillow-12.3.0-cp313-cp313-macosx_10_13_x86_64.whl", hash = "sha256:7a743ff716f746fc19a9557f60dab1600d4613255f8a7aeb3cdde4db7eb15a66", size = 5345889, upload-time = "2026-07-01T11:54:31.97Z" },
    { url = "https://files.pythonhosted.org/packages/10/76/8803c13605b763d33d156c4678fc77f8443389c0c51c8aef707bb02015f4/pillow-12.3.0-cp313-cp313-macosx_11_0_arm64.whl", hash = "sha256:d69141514cc30b774ceea5e3ed3a6635c8d8a96edf664689b890f4089111fb35", size = 4780109, upload-time = "2026-07-01T11:54:34.026Z" },
    { url = "https://files.pythonhosted.org/packages/1f/01/e18aff37cb0b4aac47ac90f016d347a49aca667ef97f190b06ac2aabc928/pillow-12.3.0-cp313-cp313-manylinux_2_27_aarch64.manylinux_2_28_aarch64.whl", hash = "sha256:f7401aebd7f581d7f83a439d87d474999317ee099218e5ad25d125290990ba65", size = 6263736, upload-time = "2026-07-01T11:54:36.131Z" },
    { url = "https://files.pythonhosted.org/packages/f7/62/de5bdd77d935331f4f802edc11e4d82950f642caad6cb2f949837b8560e2/pillow-12.3.0-cp313-cp313-manylinux_2_27_x86_64.manylinux_2_28_x86_64.whl", hash = "sha256:0847a763afefb695bc912d7c131e7e0632d4edc1d8698f58ddabec8e46b8b6d3", size = 6937129, upload-time = "2026-07-01T11:54:38.216Z" },
    { url = "https://files.pythonhosted.org/packages/70/4d/105627a13300c5e0df1d174230b32fd1273062c96f7745fd552b945d1e1d/pillow-12.3.0-cp313-cp313-musllinux_1_2_aarch64.whl", hash = "sha256:571b9fcb07b97ef3a492028fb3d2dc0993ca23a06138b0315286566d29ef718a", size = 6339562, upload-time = "2026-07-01T11:54:40.354Z" },
    { url = "https://files.pythonhosted.org/packages/6b/1d/f13de01a553988ab895ba1c722e06cf3144d4f57656fd5b81b6d881f1179/pillow-12.3.0-cp313-cp313-musllinux_1_2_x86_64.whl", hash = "sha256:756c768d0c9c2955feb7a56c37ea24aea2e369f8d36a88da270b6a9f19e62b5e", size = 7049439, upload-time = "2026-07-01T11:54:42.489Z" },
    { url = "https://files.pythonhosted.org/packages/c9/f9/066794cca041b969964f779ee5fa66a9498bbf34248ac39c5d7954e4198f/pillow-12.3.0-cp313-cp313-win32.whl", hash = "sha256:a876864214e136f0eb367788dbd7df045f4806801518e2cfe9e13229cfe06d8f", size = 6473287, upload-time = "2026-07-01T11:54:44.9Z" },
    { url = "https://files.pythonhosted.org/packages/a6/9b/7a58e61d62be561da3a356fe2384d4059a6345fc130e23ef1c36a5b81d24/pillow-12.3.0-cp313-cp313-win_amd64.whl", hash = "sha256:1cca606cd25738df4ed873d5ad46bbdb3d83b5cbca291f6b4ff13a4df6b0bbe8", size = 7239691, upload-time = "2026-07-01T11:54:47.141Z" },
    { url = "https://files.pythonhosted.org/packages/aa/b0/c4ed4f0ef8f8fa5ee8351537db6650bb8189f7e118842978dd6589065692/pillow-12.3.0-cp313-cp313-win_arm64.whl", hash = "sha256:b629de27fda84b42cde7edef0d85f13b958b47f6e9bbcbba9b673c562a89bd8b", size = 2568185, upload-time = "2026-07-01T11:54:49.137Z" },
]

[[package]]
name = "pluggy"
version = "1.6.0"
source = { registry = "https://pypi.org/simple" }
sdist = { url = "https://files.pythonhosted.org/packages/f9/e2/3e91f31a7d2b083fe6ef3fa267035b518369d9511ffab804f839851d2779/pluggy-1.6.0.tar.gz", hash = "sha256:7dcc130b76258d33b90f61b658791dede3486c3e6bfb003ee5c9bfb396dd22f3", size = 69412, upload-time = "2025-05-15T12:30:07.975Z" }
wheels = [
    { url = "https://files.pythonhosted.org/packages/54/20/4d324d65cc6d9205fabedc306948156824eb9f0ee1633355a8f7ec5c66bf/pluggy-1.6.0-py3-none-any.whl", hash = "sha256:e920276dd6813095e9377c0bc5566d94c932c33b27a3e3945d8389c374dd4746", size = 20538, upload-time = "2025-05-15T12:30:06.134Z" },
]

[[package]]
name = "pygments"
version = "2.21.0"
source = { registry = "https://pypi.org/simple" }
sdist = { url = "https://files.pythonhosted.org/packages/49/2e/ced460408999b33da6b31b0021b0f37d329e202d4169aeb164493778f25b/pygments-2.21.0.tar.gz", hash = "sha256:610ca751c9bc2492b38eb9a38a7fbc93edbbb2d7182edaf34e66ae493dee5c8c", size = 5005329, upload-time = "2026-08-17T08:02:48.824Z" }
wheels = [
    { url = "https://files.pythonhosted.org/packages/71/46/17f022dd3e953bf20a04a028a21ec746d942f8d2af30fa0f124fa0e6a684/pygments-2.21.0-py3-none-any.whl", hash = "sha256:2363c69b61c4a97c838da3b130dcd6468f4848992b21a82f2a63ec34377137d9", size = 1250147, upload-time = "2026-08-17T08:02:44.912Z" },
]

[[package]]
name = "pypdf"
version = "6.18.0"
source = { registry = "https://pypi.org/simple" }
sdist = { url = "https://files.pythonhosted.org/packages/c2/c3/9fa0666f280552bd3833562d985b785fce1ddb3804937edd2fd6a3f2bdb3/pypdf-6.18.0.tar.gz", hash = "sha256:ae58b7d93c22c169ffb02c3b06321c45c4f223b4916536568adb57d789d95d01", size = 7024871, upload-time = "2026-09-07T16:48:16.444Z" }
wheels = [
    { url = "https://files.pythonhosted.org/packages/c7/a5/d5922a078c9a612327681d4793404f82998f4d66213add6fdc0659245856/pypdf-6.18.0-py3-none-any.whl", hash = "sha256:05b762b77bcb9dcb4a7c91fcf5dded585b25bee7269ab3d3001d7c55fa1b324b", size = 393848, upload-time = "2026-09-07T16:48:14.254Z" },
]

[[package]]
name = "pypdfium2"
version = "5.8.0"
source = { registry = "https://pypi.org/simple" }
sdist = { url = "https://files.pythonhosted.org/packages/6d/3d/dc934d3b606c51c3ecc95b6731d84b7dd7ab8e513a50b0e98a4da6c8a719/pypdfium2-5.8.0.tar.gz", hash = "sha256:049397c647e50f83115ee951c49394dab9e9ba52ebdd5a11ab1109390eb3d34e", size = 271934, upload-time = "2026-05-04T17:39:43.794Z" }
wheels = [
    { url = "https://files.pythonhosted.org/packages/6f/8c/6b75b923cb81368fa3ea7c48a0616b839620a3aeff899885bd930449b89e/pypdfium2-5.8.0-py3-none-android_23_arm64_v8a.whl", hash = "sha256:f67b6c74b716d9ac725ad1af49ae786ad813ac20823d45606d59f1fc06caa8af", size = 3374554, upload-time = "2026-05-04T17:39:05.552Z" },
    { url = "https://files.pythonhosted.org/packages/ef/61/a885c7f36efba89ec98e3d1fe95c83b48c2d6dea321e9194ac6460e7a834/pypdfium2-5.8.0-py3-none-android_23_armeabi_v7a.whl", hash = "sha256:53e82bf3e6a2da170b1bda83f93b7eec57cb6efe3cacd05cba78823879a85203", size = 2831667, upload-time = "2026-05-04T17:39:08.028Z" },
    { url = "https://files.pythonhosted.org/packages/86/1f/04b5627f6dba312d3e707e5b019c9f24d8b03b5aa366866a9e02ec00f8d4/pypdfium2-5.8.0-py3-none-macosx_11_0_arm64.whl", hash = "sha256:085e633dcc89b65ff4035a4787e98ce7ae636836eb39c83dd0db26113d9774bc", size = 3450815, upload-time = "2026-05-04T17:39:09.551Z" },
    { url = "https://files.pythonhosted.org/packages/a9/77/8e3a2aba2bc4aef5abe1b1306d05b00588dc0bf7f5c850d1adf6164c786b/pypdfium2-5.8.0-py3-none-macosx_11_0_x86_64.whl", hash = "sha256:bc84b7c6efede88fcfb9467f81daf416f26b973a54fc1cf4d3410d622fda6d7a", size = 3634395, upload-time = "2026-05-04T17:39:11.225Z" },
    { url = "https://files.pythonhosted.org/packages/93/11/6f2b1847d9fa457b3b7251afc2bba2706d104a0c6f01431dfae5d679a839/pypdfium2-5.8.0-py3-none-manylinux_2_17_aarch64.manylinux2014_aarch64.whl", hash = "sha256:a63bf09b2e13ba8545c930d243f0650c664a1b51314daa3b5f38df6d1a17b4bc", size = 3617413, upload-time = "2026-05-04T17:39:13.139Z" },
    { url = "https://files.pythonhosted.org/packages/ed/fd/99ce639de5ca06d21743c740dd988cd209dda623bc763ae10b8a162022e1/pypdfium2-5.8.0-py3-none-manylinux_2_17_armv7l.manylinux2014_armv7l.whl", hash = "sha256:937881c1698456749ed203a58db1895baa5eb7178cdb837ef84867790638da28", size = 3347639, upload-time = "2026-05-04T17:39:15.086Z" },
    { url = "https://files.pythonhosted.org/packages/fa/47/82864cc6e26dd8969d5594c168635acb16458d35cf5fed65d6b2e32abb42/pypdfium2-5.8.0-py3-none-manylinux_2_17_i686.manylinux2014_i686.whl", hash = "sha256:6be9dc2b84a8694ad7e626bab133244e8241014d5ed1930d865a9bdf90df1e24", size = 3746404, upload-time = "2026-05-04T17:39:17.094Z" },
    { url = "https://files.pythonhosted.org/packages/82/58/e41e49bba951f61921bac7289e67fe02af5ac57192d0bbfb5f459dc3691d/pypdfium2-5.8.0-py3-none-manylinux_2_17_ppc64le.manylinux2014_ppc64le.whl", hash = "sha256:7f27bd82891ae302dd02d736b14809661f6d1220ee1e96dbed9b23e2811922a3", size = 4177893, upload-time = "2026-05-04T17:39:18.729Z" },
    { url = "https://files.pythonhosted.org/packages/b4/15/fa7031010d5cf6853dadb4864680a0bfb7782c5bb6a1a401e0c25c4fca87/pypdfium2-5.8.0-py3-none-manylinux_2_17_x86_64.manylinux2014_x86_64.whl", hash = "sha256:26c1089cdbbdc7fe1248f6d17fe3f30214be4f287dd0196b31aaee18a1564240", size = 3665152, upload-time = "2026-05-04T17:39:20.207Z" },
    { url = "https://files.pythonhosted.org/packages/de/6a/5a3520a8b0cfa8d7fdc3f03a07ad9d6146c28ffd519330706f64fd8939a8/pypdfium2-5.8.0-py3-none-manylinux_2_27_s390x.manylinux_2_28_s390x.whl", hash = "sha256:1c038a9290864aaa4862dd32e591993d82551ca4d152b4e8ce6d43ba37dc04a8", size = 3095365, upload-time = "2026-05-04T17:39:22.054Z" },
    { url = "https://files.pythonhosted.org/packages/32/d3/845bae4de3cfa36865959046156edb5bf9baea400ccdecdd84fdd911b0f5/pypdfium2-5.8.0-py3-none-manylinux_2_38_riscv64.manylinux_2_39_riscv64.whl", hash = "sha256:f104bc1a6d8bfc1ff088aa50db13b9729cfdb3722b44975c3c457e9a7b9c7318", size = 2961801, upload-time = "2026-05-04T17:39:23.817Z" },
    { url = "https://files.pythonhosted.org/packages/99/76/cf54eabee4a172241dfcfe63533bd1e11e2162114a983453a5a40bfec114/pypdfium2-5.8.0-py3-none-musllinux_1_2_aarch64.whl", hash = "sha256:04ca7c57a553facf8d46c6ea8ba6fa557e698670cfa4a58e0e01fdae2f6be87d", size = 4133067, upload-time = "2026-05-04T17:39:25.619Z" },
    { url = "https://files.pythonhosted.org/packages/77/66/dcf871d19187ca04ea184a99801a6e7e556d8347aa49540fee33cda6dfc5/pypdfium2-5.8.0-py3-none-musllinux_1_2_armv7l.whl", hash = "sha256:ad42b9c22477b32dbedcbc8232833f385d92fd0cf92822547b02383cf9a476d7", size = 3749100, upload-time = "2026-05-04T17:39:27.203Z" },
    { url = "https://files.pythonhosted.org/packages/32/67/0d456c79660959ca45ad307b4d67161d29f9ed4083ee1e8fe8c6925b7c82/pypdfium2-5.8.0-py3-none-musllinux_1_2_i686.whl", hash = "sha256:388e3119cf5ca0979b7d5f6d40b7fcd5ab49e17ed4e6de6af89ba116061acfda", size = 4339212, upload-time = "2026-05-04T17:39:29.277Z" },
    { url = "https://files.pythonhosted.org/packages/76/89/e5b0e0f7936be341c91c0f45cd70d693878894ed62aed93a6ee32e9c43c4/pypdfium2-5.8.0-py3-none-musllinux_1_2_ppc64le.whl", hash = "sha256:aa05bbfa485ce7916217aa78d856c9f9cd86b08b20846c650392a67975ee72e9", size = 4383943, upload-time = "2026-05-04T17:39:31.287Z" },
    { url = "https://files.pythonhosted.org/packages/82/21/4502ed255f082f579cd3537c2971cf1a57778d43703a08bcd1a92253189f/pypdfium2-5.8.0-py3-none-musllinux_1_2_riscv64.whl", hash = "sha256:f0813a16bb39d5ebd173ea5484430bb67a89b4b181db0a636c73b64ad063c3ea", size = 3925680, upload-time = "2026-05-04T17:39:33.241Z" },
    { url = "https://files.pythonhosted.org/packages/7d/4f/2e59723e7a07779439bd885c1b4960079c9710603308888d29ac926ae69a/pypdfium2-5.8.0-py3-none-musllinux_1_2_s390x.whl", hash = "sha256:a3c78f7d20dd821bec6c072efdb21a1370b9efe10fdeeb68c969e67608e25385", size = 4269560, upload-time = "2026-05-04T17:39:34.926Z" },
    { url = "https://files.pythonhosted.org/packages/34/4e/7b6b1bde3788c8b880d4b8131d95d9d339cebafb3ad9102d82e234bb65be/pypdfium2-5.8.0-py3-none-musllinux_1_2_x86_64.whl", hash = "sha256:86d302e207c138c827b885a72784f7b306d840646ebeae07e8efdbc39321c629", size = 4182434, upload-time = "2026-05-04T17:39:36.624Z" },
    { url = "https://files.pythonhosted.org/packages/11/7b/6ed4782e0d7a5278330598ce8c4b2df7255f4585a0b3d04520fa580d6507/pypdfium2-5.8.0-py3-none-win32.whl", hash = "sha256:3f25fd436920a907291462b41bdc0ab9f8235c3944b4c9c15398da595ffd1fed", size = 3636680, upload-time = "2026-05-04T17:39:38.49Z" },
    { url = "https://files.pythonhosted.org/packages/19/55/da7223d4202b2461f4f889b0baf10dddec3db7f88e6fd8c52db4a516eecd/pypdfium2-5.8.0-py3-none-win_amd64.whl", hash = "sha256:55592af0bddd2d62bed18e0053c546c9b72041430c5115e54870f7f6163125b0", size = 3754962, upload-time = "2026-05-04T17:39:40.13Z" },
    { url = "https://files.pythonhosted.org/packages/fc/7a/f3dcefe6ee7389aad3ca1488c177e8fbf978206de21c7a99ccf487ea38ab/pypdfium2-5.8.0-py3-none-win_arm64.whl", hash = "sha256:3f17ed97ae8a5a1705301ca93af256a5b02f9009dee4e99c5e175831d46ebd7c", size = 3548362, upload-time = "2026-05-04T17:39:42.304Z" },
]

[[package]]
name = "pytest"
version = "9.1.1"
source = { registry = "https://pypi.org/simple" }
dependencies = [
    { name = "colorama", marker = "sys_platform == 'win32'" },
    { name = "iniconfig" },
    { name = "packaging" },
    { name = "pluggy" },
    { name = "pygments" },
]
sdist = { url = "https://files.pythonhosted.org/packages/e4/47/b9efed96c114afcfa3c9d3fe98a76a1d14c74a9e266d397cf6eb64be5e01/pytest-9.1.1.tar.gz", hash = "sha256:1088fbde8f2b49d95a549a195707afa7a76a3ce9bcadc26b6d71f0ffda5fe313", size = 1636369, upload-time = "2026-06-19T10:58:32.857Z" }
wheels = [
    { url = "https://files.pythonhosted.org/packages/24/25/1de2678b631f5a49215c6c96fff41ba892b0a34df68d6d80292b1b48aa7f/pytest-9.1.1-py3-none-any.whl", hash = "sha256:37a86b45efb9a47a61a36449063e8e18d0cab3161329fc099eb21783169c4f0c", size = 386536, upload-time = "2026-06-19T10:58:31.347Z" },
]

[[package]]
name = "referencing"
version = "0.37.0"
source = { registry = "https://pypi.org/simple" }
dependencies = [
    { name = "attrs" },
    { name = "rpds-py" },
]
sdist = { url = "https://files.pythonhosted.org/packages/22/f5/df4e9027acead3ecc63e50fe1e36aca1523e1719559c499951bb4b53188f/referencing-0.37.0.tar.gz", hash = "sha256:44aefc3142c5b842538163acb373e24cce6632bd54bdb01b21ad5863489f50d8", size = 78036, upload-time = "2025-10-13T15:30:48.871Z" }
wheels = [
    { url = "https://files.pythonhosted.org/packages/2c/58/ca301544e1fa93ed4f80d724bf5b194f6e4b945841c5bfd555878eea9fcb/referencing-0.37.0-py3-none-any.whl", hash = "sha256:381329a9f99628c9069361716891d34ad94af76e461dcb0335825aecc7692231", size = 26766, upload-time = "2025-10-13T15:30:47.625Z" },
]

[[package]]
name = "rpds-py"
version = "2026.6.3"
source = { registry = "https://pypi.org/simple" }
sdist = { url = "https://files.pythonhosted.org/packages/aa/2a/9618a122aeb2a169a28b03889a2995fe297588964333d4a7d67bdf46e147/rpds_py-2026.6.3.tar.gz", hash = "sha256:1cebd1337c242e4ec2293e541f712b2da849b29f48f0c293684b71c0632625d4", size = 64051, upload-time = "2026-06-30T07:17:53.009Z" }
wheels = [
    { url = "https://files.pythonhosted.org/packages/a4/9e/b818ee580026ec578138e961027a68820c40afeb1ec8f6819b54fb99e196/rpds_py-2026.6.3-cp313-cp313-macosx_10_12_x86_64.whl", hash = "sha256:3cfe765c1da0072636ca06628261e0ea05688e160d5c8a03e0217c3854037223", size = 343012, upload-time = "2026-06-30T07:15:36.005Z" },
    { url = "https://files.pythonhosted.org/packages/f3/6b/686d9dc4359a8f163cfbbf89ee0b4e586431de22fe8248edb63a8cf50d49/rpds_py-2026.6.3-cp313-cp313-macosx_11_0_arm64.whl", hash = "sha256:f4d78253f6996be4901669ad25319f842f740eccf4d58e3c7f3dd39e6dde1d8f", size = 338203, upload-time = "2026-06-30T07:15:37.462Z" },
    { url = "https://files.pythonhosted.org/packages/9e/9b/069aa329940f8207615e091f5eedbbd40e1e15eac68a0790fd05ccdf796c/rpds_py-2026.6.3-cp313-cp313-manylinux_2_17_aarch64.manylinux2014_aarch64.whl", hash = "sha256:54f45a148e28767bf343d33a684693c70e451c6f4c0e9904709a723fafbdfc1f", size = 367984, upload-time = "2026-06-30T07:15:39.008Z" },
    { url = "https://files.pythonhosted.org/packages/14/db/34c203e4becff3703e4d3bc121842c00b8689197f398161203a880052f4e/rpds_py-2026.6.3-cp313-cp313-manylinux_2_17_armv7l.manylinux2014_armv7l.whl", hash = "sha256:842e7b070435622248c7a2c44ae53fa1440e073cc3023bc919fed570884097a7", size = 374815, upload-time = "2026-06-30T07:15:40.253Z" },
    { url = "https://files.pythonhosted.org/packages/ee/7d/8071067d2cc453d916ad836e828c943f575e8a44612537759002a1e07381/rpds_py-2026.6.3-cp313-cp313-manylinux_2_17_ppc64le.manylinux2014_ppc64le.whl", hash = "sha256:8020133a74bd81b4572dd8e4be028a6b1ebcd70e6726edc3918008c08bee6ee6", size = 490545, upload-time = "2026-06-30T07:15:41.729Z" },
    { url = "https://files.pythonhosted.org/packages/a3/42/da06c5aa8f0484ff07f270787434204d9f4535e2f8c3b51ed402267e63c3/rpds_py-2026.6.3-cp313-cp313-manylinux_2_17_s390x.manylinux2014_s390x.whl", hash = "sha256:cdc7e35386f3847df728fbcb5e887e2d79c19e2fa1eba9e51b6621d23e3243af", size = 382828, upload-time = "2026-06-30T07:15:43.327Z" },
    { url = "https://files.pythonhosted.org/packages/57/d7/fe978efc2ae50abe48eb7464668ea99f53c010c60aeebb7b35ad27f23661/rpds_py-2026.6.3-cp313-cp313-manylinux_2_17_x86_64.manylinux2014_x86_64.whl", hash = "sha256:acac386b453c2516111b50985d60ce46e7fadb5ea71ae7b25f4c946935bf27cf", size = 365678, upload-time = "2026-06-30T07:15:44.992Z" },
    { url = "https://files.pythonhosted.org/packages/69/9d/1d8922e1990b2a6eb532b6ff53d3e73d2b3bbffc84116c75826bee73dfc6/rpds_py-2026.6.3-cp313-cp313-manylinux_2_31_riscv64.whl", hash = "sha256:425560c6fa0415f27261727bb20bd097568485e5eb0c121f1949417d1c516885", size = 377811, upload-time = "2026-06-30T07:15:46.523Z" },
    { url = "https://files.pythonhosted.org/packages/b1/3d/198dceafb4fb034a6a47347e1b0735d34e0bd4a50be4e898d408ee66cb14/rpds_py-2026.6.3-cp313-cp313-manylinux_2_5_i686.manylinux1_i686.whl", hash = "sha256:a550fb4950a06dde3beb4721f5ad4b25bf4513784665b0a8522c792e2bd822a4", size = 395382, upload-time = "2026-06-30T07:15:47.955Z" },
    { url = "https://files.pythonhosted.org/packages/1f/f1/13968e49655d40b6b19d8b9140296bbc6f1d86b3f0f6c346cf9f1adddf4b/rpds_py-2026.6.3-cp313-cp313-musllinux_1_2_aarch64.whl", hash = "sha256:4f4bca01b63096f606e095734dd56e74e175f94cfbf24ff3d63281cec61f7bb7", size = 543832, upload-time = "2026-06-30T07:15:49.33Z" },
    { url = "https://files.pythonhosted.org/packages/ac/ab/289bcb1b90bd3e40a2900c561fa0e2087345ecbb094f0b870f2345142b7c/rpds_py-2026.6.3-cp313-cp313-musllinux_1_2_i686.whl", hash = "sha256:ccffae9a092a00deb7efd545fe5e2c33c33b88e7c054337e9a74c179347d0b7d", size = 611011, upload-time = "2026-06-30T07:15:50.847Z" },
    { url = "https://files.pythonhosted.org/packages/1e/16/5043105e679436ccfbc8e5e0dd2d663ed18a8b8113515fd06a5e5d77c83e/rpds_py-2026.6.3-cp313-cp313-musllinux_1_2_x86_64.whl", hash = "sha256:1cf01971c4f2c5553b772a542e4aaf191789cd331bc2cd4ff0e6e65ba49e1e97", size = 572431, upload-time = "2026-06-30T07:15:52.394Z" },
    { url = "https://files.pythonhosted.org/packages/85/ed/adab103321c0a6565d5ae1c2998349bc3ee175b82ccc5ae8fc04cc413075/rpds_py-2026.6.3-cp313-cp313-win32.whl", hash = "sha256:8c3d1e9c15b9d51ca0391e13da1a25a0a4df3c58a37c9dc368e0736cf7f69df0", size = 201710, upload-time = "2026-06-30T07:15:53.894Z" },
    { url = "https://files.pythonhosted.org/packages/7b/ed/a03b09668e74e5dabbf2e211f6468e1820c0552f7b0500082da31841bf7b/rpds_py-2026.6.3-cp313-cp313-win_amd64.whl", hash = "sha256:9250a9a0a6fd4648b3f868da8d91a4c52b5811a62df58e753d50ae4454a36f80", size = 219454, upload-time = "2026-06-30T07:15:55.25Z" },
    { url = "https://files.pythonhosted.org/packages/27/17/b8642c12930b71bc2b25831f6708ccf0f75abcd11883932ec9ce54ba3a78/rpds_py-2026.6.3-cp313-cp313-win_arm64.whl", hash = "sha256:900a67df3fd1660b035a4761c4ce73c382ea6b35f90f9863c36c6fd8bf8b09bb", size = 215063, upload-time = "2026-06-30T07:15:56.573Z" },
]
