{
  "lockfileVersion": 2,
  "configVersion": 1,
  "workspaces": {
    "": {
      "name": "@inkflip/readers-pdfjs-node",
      "dependencies": {
        "pdfjs-dist": "6.3.289",
      },
    },
  },
  "packages": {
    "@napi-rs/canvas": ["@napi-rs/canvas@1.0.9", "", { "optionalDependencies": { "@napi-rs/canvas-android-arm64": "1.0.9", "@napi-rs/canvas-darwin-arm64": "1.0.9", "@napi-rs/canvas-darwin-x64": "1.0.9", "@napi-rs/canvas-linux-arm-gnueabihf": "1.0.9", "@napi-rs/canvas-linux-arm64-gnu": "1.0.9", "@napi-rs/canvas-linux-arm64-musl": "1.0.9", "@napi-rs/canvas-linux-riscv64-gnu": "1.0.9", "@napi-rs/canvas-linux-x64-gnu": "1.0.9", "@napi-rs/canvas-linux-x64-musl": "1.0.9", "@napi-rs/canvas-win32-arm64-msvc": "1.0.9", "@napi-rs/canvas-win32-x64-msvc": "1.0.9" } }, "sha512-QviPdJImDi/jMAvBfqaw+19BndMd/sizXVW3NnpMd3VJGz++QXkOHcP9kWR/smHG0hNjHeyuHFyrx/5lD0oNcQ=="],

    "@napi-rs/canvas-android-arm64": ["@napi-rs/canvas-android-arm64@1.0.9", "", { "os": "android", "cpu": "arm64" }, "sha512-4LGXk2/0HVzE29K8SzML5WubgCp++B1FH3qgl35XmSZE+lLdr6P9VRQEnZ0MCLZMTSuJP41yyhtoiVNEuvrTIA=="],

    "@napi-rs/canvas-darwin-arm64": ["@napi-rs/canvas-darwin-arm64@1.0.9", "", { "os": "darwin", "cpu": "arm64" }, "sha512-YNdfLBzY0W/Pep9fo2L6RmoNlNksnn05LRnX66W63R3ij58S25QOTcjdtEt2v8+PnCESzqZsYzUo+QPeIR44NA=="],

    "@napi-rs/canvas-darwin-x64": ["@napi-rs/canvas-darwin-x64@1.0.9", "", { "os": "darwin", "cpu": "x64" }, "sha512-ceZQSknTEcy3dOXoekv59LTCkXjvnLsq+VW5PeNNDHEPQbRS5Ervkm1EaDa7WLAjiYWMLuSQTRTHao1dEX4prg=="],

    "@napi-rs/canvas-linux-arm-gnueabihf": ["@napi-rs/canvas-linux-arm-gnueabihf@1.0.9", "", { "os": "linux", "cpu": "arm" }, "sha512-XhfI0Wwv4llhd6nnWDtY3kQKjq0r+y1i91PlJlJI24ag2U9WrnwbG1qS3+fDLEyouwEVFchiKkTEHozK+5iUNA=="],

    "@napi-rs/canvas-linux-arm64-gnu": ["@napi-rs/canvas-linux-arm64-gnu@1.0.9", "", { "os": "linux", "cpu": "arm64" }, "sha512-012oiYtKaE7i9oxc8q7nraT7kDOpLcaCmFLzVe9Ty34RHDdoDzbWLrVh827CNxYh/EADX1eSikA3ymLjo/nNuw=="],

    "@napi-rs/canvas-linux-arm64-musl": ["@napi-rs/canvas-linux-arm64-musl@1.0.9", "", { "os": "linux", "cpu": "arm64" }, "sha512-Ls5UWYFFn63casTZEczbeyEg3vRDRkv9lscuGwfchtY5yLLQhgOB8SN4YGxmfJ5vTaBwZ2YUxBS3NtmjJmFXdA=="],

    "@napi-rs/canvas-linux-riscv64-gnu": ["@napi-rs/canvas-linux-riscv64-gnu@1.0.9", "", { "os": "linux", "cpu": "none" }, "sha512-hLKEGxV7ZiRHqndePTokgDMdBlo/rDfzg7P4p4QIv9pUhuYobnu3R2NIFLCRghG0nwfo+s2sw+c1xZFeCmEAsw=="],

    "@napi-rs/canvas-linux-x64-gnu": ["@napi-rs/canvas-linux-x64-gnu@1.0.9", "", { "os": "linux", "cpu": "x64" }, "sha512-6kaz3w0QMy77PDWk6rJ1ksIihdad3qzEyX2o2oGT8GwCaypfT5mhjr8buOO5hstyLxcWXDScuz56RsINLtBPIQ=="],

    "@napi-rs/canvas-linux-x64-musl": ["@napi-rs/canvas-linux-x64-musl@1.0.9", "", { "os": "linux", "cpu": "x64" }, "sha512-xrGvmS3v55hmZ86ls/kBLVNMUTYio3f6Ik0DireemG994VfPAwiA3ZXA0Uf1bByctkB3NQ1Sfb+H5bkdUnnzfQ=="],

    "@napi-rs/canvas-win32-arm64-msvc": ["@napi-rs/canvas-win32-arm64-msvc@1.0.9", "", { "os": "win32", "cpu": "arm64" }, "sha512-yjmVS3ArZeRVCP7jqbPq4rpZa/BhTeI7ELE2XqJg3snICQBDevLZyArxswHkiTnT34KRic33/4fLirrHI+SY8A=="],

    "@napi-rs/canvas-win32-x64-msvc": ["@napi-rs/canvas-win32-x64-msvc@1.0.9", "", { "os": "win32", "cpu": "x64" }, "sha512-QlSYQdMQslB81nlABo9wNfQ6npFhE7/O+saCZdqVGueGanyRk4jCogD5EwQenfP3kIq9e+mm6GreQBjX5MrA8g=="],

    "pdfjs-dist": ["pdfjs-dist@6.3.289", "", { "optionalDependencies": { "@napi-rs/canvas": "^1.0.0" } }, "sha512-ZHjSVpDa3D6izMq8/04lvkhkATUmL9px6ChPaXc1k6nU2Mrhlg1/7F0bdUqCwUjw3NsPTfPZsMDUU6ZIcRaeQw=="],
  }
}
